{
  "name": "etcd-result-parser",
  "version": "1.0.0",
  "lockfileVersion": 1,
  "requires": true,
  "dependencies": {
    "collect.js": {
      "version": "4.4.0",
      "resolved": "https://registry.npmjs.org/collect.js/-/collect.js-4.4.0.tgz",
      "integrity": "sha512-J1EOdh/TnoBUOm/dn9oamRIPWYdxt651cMNAgoKK3ovDPd34d4dOsIL7YqJtRJ/bBuXdiePQv8z/Qdc8VLKyNw=="
    }
  }
}
